
Microsoft Visual Studio Solution File, Format Version 12.00
# Visual Studio Version 17
VisualStudioVersion = 17.14.36401.2 d17.14
MinimumVisualStudioVersion = 10.0.40219.1
Project("{FAE04EC0-301F-11D3-BF4B-00C04F79EFBC}") = "TheMistyInn", "TheMistyInn\TheMistyInn.csproj", "{8039A4F9-3476-4F0E-A760-5FA83C5DA226}"
EndProject
Global
	GlobalSection(SolutionConfigurationPlatforms) = preSolution
		Debug|Any CPU = Debug|Any CPU
		Release|Any CPU = Release|Any CPU
	EndGlobalSection
	GlobalSection(ProjectConfigurationPlatforms) = postSolution
		{8039A4F9-3476-4F0E-A760-5FA83C5DA226}.Debug|Any CPU.ActiveCfg = Debug|Any CPU
		{8039A4F9-3476-4F0E-A760-5FA83C5DA226}.Debug|Any CPU.Build.0 = Debug|Any CPU
		{8039A4F9-3476-4F0E-A760-5FA83C5DA226}.Release|Any CPU.ActiveCfg = Release|Any CPU
		{8039A4F9-3476-4F0E-A760-5FA83C5DA226}.Release|Any CPU.Build.0 = Release|Any CPU
	EndGlobalSection
	GlobalSection(SolutionProperties) = preSolution
		HideSolutionNode = FALSE
	EndGlobalSection
	GlobalSection(ExtensibilityGlobals) = postSolution
		SolutionGuid = {3A439302-9997-44E6-B080-19E15B6E6A68}
	EndGlobalSection
EndGlobal
